<?xml version="1.0" encoding="utf-8"?>
<Project ToolsVersion="4.0" xmlns="http://schemas.microsoft.com/developer/msbuild/2003">
  <ItemGroup>
    <Filter Include="Source Files">
      <UniqueIdentifier>{4FC737F1-C7A5-4376-A066-2A32D752A2FF}</UniqueIdentifier>
      <Extensions>cpp;c;cc;cxx;def;odl;idl;hpj;bat;asm;asmx</Extensions>
    </Filter>
    <Filter Include="Header Files">
      <UniqueIdentifier>{93995380-89BD-4b04-88EB-625FBE52EBFB}</UniqueIdentifier>
      <Extensions>h;hpp;hxx;hm;inl;inc;xsd</Extensions>
    </Filter>
    <Filter Include="Resource Files">
      <UniqueIdentifier>{67DA6AB6-F800-4c08-8B7A-83BB121AAD01}</UniqueIdentifier>
      <Extensions>rc;ico;cur;bmp;dlg;rc2;rct;bin;rgs;gif;jpg;jpeg;jpe;resx;tiff;tif;png;wav</Extensions>
    </Filter>
  </ItemGroup>
  <ItemGroup>
    <ClCompile Include="AboutDlg.cpp">
      <Filter>Source Files</Filter>
    </ClCompile>
    <ClCompile Include="CoolheaderCtrl.cpp">
      <Filter>Source Files</Filter>
    </ClCompile>
    <ClCompile Include="CoolListCtrl.cpp">
      <Filter>Source Files</Filter>
    </ClCompile>
    <ClCompile Include="DBCBtn.cpp">
      <Filter>Source Files</Filter>
    </ClCompile>
    <ClCompile Include="DBCListCtrl.cpp">
      <Filter>Source Files</Filter>
    </ClCompile>
    <ClCompile Include="DBCSplitter.cpp">
      <Filter>Source Files</Filter>
    </ClCompile>
    <ClCompile Include="DBCTaskman.cpp">
      <Filter>Source Files</Filter>
    </ClCompile>
    <ClCompile Include="DBCTaskmanDlg.cpp">
      <Filter>Source Files</Filter>
    </ClCompile>
    <ClCompile Include="DetailsView.cpp">
      <Filter>Source Files</Filter>
    </ClCompile>
    <ClCompile Include="HeadSortList.cpp">
      <Filter>Source Files</Filter>
    </ClCompile>
    <ClCompile Include="HotboxView.cpp">
      <Filter>Source Files</Filter>
    </ClCompile>
    <ClCompile Include="InfoBox.cpp">
      <Filter>Source Files</Filter>
    </ClCompile>
    <ClCompile Include="MemCompBox.cpp">
      <Filter>Source Files</Filter>
    </ClCompile>
    <ClCompile Include="MiniPerfermanceDlg.cpp">
      <Filter>Source Files</Filter>
    </ClCompile>
    <ClCompile Include="ModelessPropertySheet.cpp">
      <Filter>Source Files</Filter>
    </ClCompile>
    <ClCompile Include="MyNormalList.cpp">
      <Filter>Source Files</Filter>
    </ClCompile>
    <ClCompile Include="MyTabCtrl.cpp">
      <Filter>Source Files</Filter>
    </ClCompile>
    <ClCompile Include="NormalHeaderCtrl.cpp">
      <Filter>Source Files</Filter>
    </ClCompile>
    <ClCompile Include="PerformanceBox.cpp">
      <Filter>Source Files</Filter>
    </ClCompile>
    <ClCompile Include="PerformanceMon.cpp">
      <Filter>Source Files</Filter>
    </ClCompile>
    <ClCompile Include="PerformanceView.cpp">
      <Filter>Source Files</Filter>
    </ClCompile>
    <ClCompile Include="PItemList.cpp">
      <Filter>Source Files</Filter>
    </ClCompile>
    <ClCompile Include="ProcessesView.cpp">
      <Filter>Source Files</Filter>
    </ClCompile>
    <ClCompile Include="ProcessInfo.cpp">
      <Filter>Source Files</Filter>
    </ClCompile>
    <ClCompile Include="PropertiesPageHandles.cpp">
      <Filter>Source Files</Filter>
    </ClCompile>
    <ClCompile Include="PropertiesPageImage.cpp">
      <Filter>Source Files</Filter>
    </ClCompile>
    <ClCompile Include="PropertiesPageModules.cpp">
      <Filter>Source Files</Filter>
    </ClCompile>
    <ClCompile Include="PropertiesPagePerformance.cpp">
      <Filter>Source Files</Filter>
    </ClCompile>
    <ClCompile Include="PropertiesPageThreads.cpp">
      <Filter>Source Files</Filter>
    </ClCompile>
    <ClCompile Include="SelColumnsDlg.cpp">
      <Filter>Source Files</Filter>
    </ClCompile>
    <ClCompile Include="ServicesView.cpp">
      <Filter>Source Files</Filter>
    </ClCompile>
    <ClCompile Include="SetAffinityDlg.cpp">
      <Filter>Source Files</Filter>
    </ClCompile>
    <ClCompile Include="SMBIOS.cpp">
      <Filter>Source Files</Filter>
    </ClCompile>
    <ClCompile Include="StartupView.cpp">
      <Filter>Source Files</Filter>
    </ClCompile>
    <ClCompile Include="stdafx.cpp">
      <Filter>Source Files</Filter>
    </ClCompile>
    <ClCompile Include="TaskList.cpp">
      <Filter>Source Files</Filter>
    </ClCompile>
    <ClCompile Include="UsersView.cpp">
      <Filter>Source Files</Filter>
    </ClCompile>
    <ClCompile Include="WaveBox.cpp">
      <Filter>Source Files</Filter>
    </ClCompile>
  </ItemGroup>
  <ItemGroup>
    <ClInclude Include="AboutDlg.h">
      <Filter>Header Files</Filter>
    </ClInclude>
    <ClInclude Include="CoolheaderCtrl.h">
      <Filter>Header Files</Filter>
    </ClInclude>
    <ClInclude Include="CoolListCtrl.h">
      <Filter>Header Files</Filter>
    </ClInclude>
    <ClInclude Include="DBCBtn.h">
      <Filter>Header Files</Filter>
    </ClInclude>
    <ClInclude Include="DBCListCtrl.h">
      <Filter>Header Files</Filter>
    </ClInclude>
    <ClInclude Include="DBCSplitter.h">
      <Filter>Header Files</Filter>
    </ClInclude>
    <ClInclude Include="DBCTaskman.h">
      <Filter>Header Files</Filter>
    </ClInclude>
    <ClInclude Include="DBCTaskmanDlg.h">
      <Filter>Header Files</Filter>
    </ClInclude>
    <ClInclude Include="DetailsView.h">
      <Filter>Header Files</Filter>
    </ClInclude>
    <ClInclude Include="HeadSortList.h">
      <Filter>Header Files</Filter>
    </ClInclude>
    <ClInclude Include="HotboxView.h">
      <Filter>Header Files</Filter>
    </ClInclude>
    <ClInclude Include="InfoBox.h">
      <Filter>Header Files</Filter>
    </ClInclude>
    <ClInclude Include="MemCompBox.h">
      <Filter>Header Files</Filter>
    </ClInclude>
    <ClInclude Include="MiniPerfermanceDlg.h">
      <Filter>Header Files</Filter>
    </ClInclude>
    <ClInclude Include="ModelessPropertySheet.h">
      <Filter>Header Files</Filter>
    </ClInclude>
    <ClInclude Include="MyNormalList.h">
      <Filter>Header Files</Filter>
    </ClInclude>
    <ClInclude Include="MyTabCtrl.h">
      <Filter>Header Files</Filter>
    </ClInclude>
    <ClInclude Include="NormalHeaderCtrl.h">
      <Filter>Header Files</Filter>
    </ClInclude>
    <ClInclude Include="PerformanceBox.h">
      <Filter>Header Files</Filter>
    </ClInclude>
    <ClInclude Include="PerformanceMon.h">
      <Filter>Header Files</Filter>
    </ClInclude>
    <ClInclude Include="PerformanceView.h">
      <Filter>Header Files</Filter>
    </ClInclude>
    <ClInclude Include="PItemList.h">
      <Filter>Header Files</Filter>
    </ClInclude>
    <ClInclude Include="ProcessesView.h">
      <Filter>Header Files</Filter>
    </ClInclude>
    <ClInclude Include="ProcessInfo.h">
      <Filter>Header Files</Filter>
    </ClInclude>
    <ClInclude Include="PropertiesPageHandles.h">
      <Filter>Header Files</Filter>
    </ClInclude>
    <ClInclude Include="PropertiesPageImage.h">
      <Filter>Header Files</Filter>
    </ClInclude>
    <ClInclude Include="PropertiesPageModules.h">
      <Filter>Header Files</Filter>
    </ClInclude>
    <ClInclude Include="PropertiesPagePerformance.h">
      <Filter>Header Files</Filter>
    </ClInclude>
    <ClInclude Include="PropertiesPageThreads.h">
      <Filter>Header Files</Filter>
    </ClInclude>
    <ClInclude Include="Resource.h">
      <Filter>Header Files</Filter>
    </ClInclude>
    <ClInclude Include="SelColumnsDlg.h">
      <Filter>Header Files</Filter>
    </ClInclude>
    <ClInclude Include="ServicesView.h">
      <Filter>Header Files</Filter>
    </ClInclude>
    <ClInclude Include="SetAffinityDlg.h">
      <Filter>Header Files</Filter>
    </ClInclude>
    <ClInclude Include="SMBIOS.h">
      <Filter>Header Files</Filter>
    </ClInclude>
    <ClInclude Include="StartupView.h">
      <Filter>Header Files</Filter>
    </ClInclude>
    <ClInclude Include="stdafx.h">
      <Filter>Header Files</Filter>
    </ClInclude>
    <ClInclude Include="targetver.h">
      <Filter>Header Files</Filter>
    </ClInclude>
    <ClInclude Include="TaskList.h">
      <Filter>Header Files</Filter>
    </ClInclude>
    <ClInclude Include="UsersView.h">
      <Filter>Header Files</Filter>
    </ClInclude>
    <ClInclude Include="VersionNo.h">
      <Filter>Header Files</Filter>
    </ClInclude>
    <ClInclude Include="WaveBox.h">
      <Filter>Header Files</Filter>
    </ClInclude>
  </ItemGroup>
  <ItemGroup>
    <Image Include="res\DBCTaskman.ico">
      <Filter>Resource Files</Filter>
    </Image>
    <Image Include="res\icon2.ico">
      <Filter>Resource Files</Filter>
    </Image>
    <Image Include="res\logotext.ico">
      <Filter>Resource Files</Filter>
    </Image>
    <Image Include="res\logotext.png">
      <Filter>Resource Files</Filter>
    </Image>
    <Image Include="res\service.ico">
      <Filter>Resource Files</Filter>
    </Image>
    <Image Include="res\SVCHOST.ico">
      <Filter>Resource Files</Filter>
    </Image>
  </ItemGroup>
  <ItemGroup>
    <ResourceCompile Include="DBCTaskman.rc">
      <Filter>Resource Files</Filter>
    </ResourceCompile>
  </ItemGroup>
  <ItemGroup>
    <None Include="res\DBCTaskman.rc2">
      <Filter>Resource Files</Filter>
    </None>
  </ItemGroup>
  <ItemGroup>
    <Text Include="ReadMe.txt" />
  </ItemGroup>
</Project>